
Microsoft Visual Studio Solution File, Format Version 12.00
# Visual Studio Version 17
VisualStudioVersion = 17.8.34309.116
MinimumVisualStudioVersion = 10.0.40219.1
Project("{FAE04EC0-301F-11D3-BF4B-00C04F79EFBC}") = "Day5Lab", "Day5Lab\Day5Lab.csproj", "{59CE92C6-3775-4D07-A375-D88EFBAF9536}"
EndProject
Global
	GlobalSection(SolutionConfigurationPlatforms) = preSolution
		Debug|Any CPU = Debug|Any CPU
		Release|Any CPU = Release|Any CPU
	EndGlobalSection
	GlobalSection(ProjectConfigurationPlatforms) = postSolution
		{59CE92C6-3775-4D07-A375-D88EFBAF9536}.Debug|Any CPU.ActiveCfg = Debug|Any CPU
		{59CE92C6-3775-4D07-A375-D88EFBAF9536}.Debug|Any CPU.Build.0 = Debug|Any CPU
		{59CE92C6-3775-4D07-A375-D88EFBAF9536}.Release|Any CPU.ActiveCfg = Release|Any CPU
		{59CE92C6-3775-4D07-A375-D88EFBAF9536}.Release|Any CPU.Build.0 = Release|Any CPU
	EndGlobalSection
	GlobalSection(SolutionProperties) = preSolution
		HideSolutionNode = FALSE
	EndGlobalSection
	GlobalSection(ExtensibilityGlobals) = postSolution
		SolutionGuid = {608B691E-1218-4EED-B5EB-996C10DA7952}
	EndGlobalSection
EndGlobal
